
Microsoft Visual Studio Solution File, Format Version 12.00
# Visual Studio Version 16
VisualStudioVersion = 16.0.31624.102
MinimumVisualStudioVersion = 10.0.40219.1
Project("{FAE04EC0-301F-11D3-BF4B-00C04F79EFBC}") = "CommerceBankProject", "CommerceBankProject\CommerceBankProject.csproj", "{D7D4EEC4-67E0-4553-A654-D882A5A71498}"
EndProject
Global
	GlobalSection(SolutionConfigurationPlatforms) = preSolution
		Debug|Any CPU = Debug|Any CPU
		Release|Any CPU = Release|Any CPU
	EndGlobalSection
	GlobalSection(ProjectConfigurationPlatforms) = postSolution
		{D7D4EEC4-67E0-4553-A654-D882A5A71498}.Debug|Any CPU.ActiveCfg = Debug|Any CPU
		{D7D4EEC4-67E0-4553-A654-D882A5A71498}.Debug|Any CPU.Build.0 = Debug|Any CPU
		{D7D4EEC4-67E0-4553-A654-D882A5A71498}.Release|Any CPU.ActiveCfg = Release|Any CPU
		{D7D4EEC4-67E0-4553-A654-D882A5A71498}.Release|Any CPU.Build.0 = Release|Any CPU
	EndGlobalSection
	GlobalSection(SolutionProperties) = preSolution
		HideSolutionNode = FALSE
	EndGlobalSection
	GlobalSection(ExtensibilityGlobals) = postSolution
		SolutionGuid = {AEBF8844-531F-4714-B25C-43E785BAA880}
	EndGlobalSection
EndGlobal
